$ANSIBLE_VAULT;1.1;AES256
62336334663135323663376437313332333966313261383365353533386335313938613665356263
3032363731393461373634393038316332303164386334610a323934393231306433616164353235
65633863663932313865316134356364386632613930666566393938613635373130393966343162
3936666638623233630a623834386430373936383536636236386135333633346139333231386664
39313339313830613239306664643661623030666336633061333661343764653631666239613230
3736346538343235366663393130613766306261626236656634
